
Microsoft Visual Studio Solution File, Format Version 12.00
# Visual Studio Version 16
VisualStudioVersion = 16.0.29609.76
MinimumVisualStudioVersion = 10.0.40219.1
Project("{FAE04EC0-301F-11D3-BF4B-00C04F79EFBC}") = "SeleniumExample", "SeleniumExample.csproj", "{36CFE1C2-FEA2-44D6-850F-1A19C45CBD14}"
EndProject
Project("{2150E333-8FDC-42A3-9474-1A3956D46DE8}") = "Solution Items", "Solution Items", "{B05B1D1C-9F48-4FEB-857D-CEEE47468AAE}"
	ProjectSection(SolutionItems) = preProject
		TextFile2.txt = TextFile2.txt
	EndProjectSection
EndProject
Global
	GlobalSection(SolutionConfigurationPlatforms) = preSolution
		Debug|Any CPU = Debug|Any CPU
		Release|Any CPU = Release|Any CPU
	EndGlobalSection
	GlobalSection(ProjectConfigurationPlatforms) = postSolution
		{36CFE1C2-FEA2-44D6-850F-1A19C45CBD14}.Debug|Any CPU.ActiveCfg = Debug|Any CPU
		{36CFE1C2-FEA2-44D6-850F-1A19C45CBD14}.Debug|Any CPU.Build.0 = Debug|Any CPU
		{36CFE1C2-FEA2-44D6-850F-1A19C45CBD14}.Release|Any CPU.ActiveCfg = Release|Any CPU
		{36CFE1C2-FEA2-44D6-850F-1A19C45CBD14}.Release|Any CPU.Build.0 = Release|Any CPU
	EndGlobalSection
	GlobalSection(SolutionProperties) = preSolution
		HideSolutionNode = FALSE
	EndGlobalSection
	GlobalSection(ExtensibilityGlobals) = postSolution
		SolutionGuid = {B9792FE5-B76D-4841-BC16-6EB7A686BD42}
	EndGlobalSection
EndGlobal
